// !$*UTF8*$!
{
	archiveVersion = 1;
	classes = {
	};
	objectVersion = 55;
	objects = {

/* Begin PBXBuildFile section */
		1762BC4566FE7289F00E1115 /* Pods_TestTests.framework in Frameworks */ = {isa = PBXBuildFile; fileRef = 9BFD2363CF6899A2655637C6 /* Pods_TestTests.framework */; };
		4505BAB748884C1F9BC5B72E /* Pods_Test_TestUITests.framework in Frameworks */ = {isa = PBXBuildFile; fileRef = AC2FA35C3CEF77836A32E56A /* Pods_Test_TestUITests.framework */; };
		C14DEBF2BBE17A14A46F13F8 /* Pods_Test.framework in Frameworks */ = {isa = PBXBuildFile; fileRef = 9DE732B40572DF21DC832779 /* Pods_Test.framework */; };
		EB2926AE2892837A00ACA031 /* Type2ViewController.swift in Sources */ = {isa = PBXBuildFile; fileRef = EB2926AD2892837900ACA031 /* Type2ViewController.swift */; };
		EBB7FB3728781971007F6C25 /* AppDelegate.swift in Sources */ = {isa = PBXBuildFile; fileRef = EBB7FB3628781971007F6C25 /* AppDelegate.swift */; };
		EBB7FB3928781971007F6C25 /* SceneDelegate.swift in Sources */ = {isa = PBXBuildFile; fileRef = EBB7FB3828781971007F6C25 /* SceneDelegate.swift */; };
		EBB7FB3B28781971007F6C25 /* ViewController.swift in Sources */ = {isa = PBXBuildFile; fileRef = EBB7FB3A28781971007F6C25 /* ViewController.swift */; };
		EBB7FB3E28781971007F6C25 /* Main.storyboard in Resources */ = {isa = PBXBuildFile; fileRef = EBB7FB3C28781971007F6C25 /* Main.storyboard */; };
		EBB7FB4028781973007F6C25 /* Assets.xcassets in Resources */ = {isa = PBXBuildFile; fileRef = EBB7FB3F28781973007F6C25 /* Assets.xcassets */; };
		EBB7FB4328781973007F6C25 /* LaunchScreen.storyboard in Resources */ = {isa = PBXBuildFile; fileRef = EBB7FB4128781973007F6C25 /* LaunchScreen.storyboard */; };
		EBB7FB4E28781974007F6C25 /* TestTests.swift in Sources */ = {isa = PBXBuildFile; fileRef = EBB7FB4D28781974007F6C25 /* TestTests.swift */; };
		EBB7FB5828781974007F6C25 /* TestUITests.swift in Sources */ = {isa = PBXBuildFile; fileRef = EBB7FB5728781974007F6C25 /* TestUITests.swift */; };
		EBB7FB5A28781974007F6C25 /* TestUITestsLaunchTests.swift in Sources */ = {isa = PBXBuildFile; fileRef = EBB7FB5928781974007F6C25 /* TestUITestsLaunchTests.swift */; };
		EBB7FB67287D6E70007F6C25 /* TableViewCell.swift in Sources */ = {isa = PBXBuildFile; fileRef = EBB7FB66287D6E70007F6C25 /* TableViewCell.swift */; };
		EBB7FB6928913415007F6C25 /* TableViewCell2.swift in Sources */ = {isa = PBXBuildFile; fileRef = EBB7FB6828913415007F6C25 /* TableViewCell2.swift */; };
/* End PBXBuildFile section */

/* Begin PBXContainerItemProxy section */
		EBB7FB4A28781974007F6C25 /* PBXContainerItemProxy */ = {
			isa = PBXContainerItemProxy;
			containerPortal = EBB7FB2B28781971007F6C25 /* Project object */;
			proxyType = 1;
			remoteGlobalIDString = EBB7FB3228781971007F6C25;
			remoteInfo = Test;
		};
		EBB7FB5428781974007F6C25 /* PBXContainerItemProxy */ = {
			isa = PBXContainerItemProxy;
			containerPortal = EBB7FB2B28781971007F6C25 /* Project object */;
			proxyType = 1;
			remoteGlobalIDString = EBB7FB3228781971007F6C25;
			remoteInfo = Test;
		};
/* End PBXContainerItemProxy section */

/* Begin PBXFileReference section */
		00F1388E7BD9896E893A2BED /* Pods-Test-TestUITests.release.xcconfig */ = {isa = PBXFileReference; includeInIndex = 1; lastKnownFileType = text.xcconfig; name = "Pods-Test-TestUITests.release.xcconfig"; path = "Target Support Files/Pods-Test-TestUITests/Pods-Test-TestUITests.release.xcconfig"; sourceTree = "<group>"; };
		0497DFB599E6305E94560E06 /* Pods-Test.release.xcconfig */ = {isa = PBXFileReference; includeInIndex = 1; lastKnownFileType = text.xcconfig; name = "Pods-Test.release.xcconfig"; path = "Target Support Files/Pods-Test/Pods-Test.release.xcconfig"; sourceTree = "<group>"; };
		203BB303AD40824B85711432 /* Pods-TestTests.debug.xcconfig */ = {isa = PBXFileReference; includeInIndex = 1; lastKnownFileType = text.xcconfig; name = "Pods-TestTests.debug.xcconfig"; path = "Target Support Files/Pods-TestTests/Pods-TestTests.debug.xcconfig"; sourceTree = "<group>"; };
		7038EEAF39F4A11236268E45 /* Pods-Test.debug.xcconfig */ = {isa = PBXFileReference; includeInIndex = 1; lastKnownFileType = text.xcconfig; name = "Pods-Test.debug.xcconfig"; path = "Target Support Files/Pods-Test/Pods-Test.debug.xcconfig"; sourceTree = "<group>"; };
		76FAF972F08CA73580A3078D /* Pods-TestTests.release.xcconfig */ = {isa = PBXFileReference; includeInIndex = 1; lastKnownFileType = text.xcconfig; name = "Pods-TestTests.release.xcconfig"; path = "Target Support Files/Pods-TestTests/Pods-TestTests.release.xcconfig"; sourceTree = "<group>"; };
		9BFD2363CF6899A2655637C6 /* Pods_TestTests.framework */ = {isa = PBXFileReference; explicitFileType = wrapper.framework; includeInIndex = 0; path = Pods_TestTests.framework; sourceTree = BUILT_PRODUCTS_DIR; };
		9DE732B40572DF21DC832779 /* Pods_Test.framework */ = {isa = PBXFileReference; explicitFileType = wrapper.framework; includeInIndex = 0; path = Pods_Test.framework; sourceTree = BUILT_PRODUCTS_DIR; };
		AC2FA35C3CEF77836A32E56A /* Pods_Test_TestUITests.framework */ = {isa = PBXFileReference; explicitFileType = wrapper.framework; includeInIndex = 0; path = Pods_Test_TestUITests.framework; sourceTree = BUILT_PRODUCTS_DIR; };
		C36BA45564098F4D2EE59979 /* Pods-Test-TestUITests.debug.xcconfig */ = {isa = PBXFileReference; includeInIndex = 1; lastKnownFileType = text.xcconfig; name = "Pods-Test-TestUITests.debug.xcconfig"; path = "Target Support Files/Pods-Test-TestUITests/Pods-Test-TestUITests.debug.xcconfig"; sourceTree = "<group>"; };
		EB2926AD2892837900ACA031 /* Type2ViewController.swift */ = {isa = PBXFileReference; lastKnownFileType = sourcecode.swift; path = Type2ViewController.swift; sourceTree = "<group>"; };
		EBB7FB3328781971007F6C25 /* Test.app */ = {isa = PBXFileReference; explicitFileType = wrapper.application; includeInIndex = 0; path = Test.app; sourceTree = BUILT_PRODUCTS_DIR; };
		EBB7FB3628781971007F6C25 /* AppDelegate.swift */ = {isa = PBXFileReference; lastKnownFileType = sourcecode.swift; path = AppDelegate.swift; sourceTree = "<group>"; };
		EBB7FB3828781971007F6C25 /* SceneDelegate.swift */ = {isa = PBXFileReference; lastKnownFileType = sourcecode.swift; path = SceneDelegate.swift; sourceTree = "<group>"; };
		EBB7FB3A28781971007F6C25 /* ViewController.swift */ = {isa = PBXFileReference; lastKnownFileType = sourcecode.swift; path = ViewController.swift; sourceTree = "<group>"; };
		EBB7FB3D28781971007F6C25 /* Base */ = {isa = PBXFileReference; lastKnownFileType = file.storyboard; name = Base; path = Base.lproj/Main.storyboard; sourceTree = "<group>"; };
		EBB7FB3F28781973007F6C25 /* Assets.xcassets */ = {isa = PBXFileReference; lastKnownFileType = folder.assetcatalog; path = Assets.xcassets; sourceTree = "<group>"; };
		EBB7FB4228781973007F6C25 /* Base */ = {isa = PBXFileReference; lastKnownFileType = file.storyboard; name = Base; path = Base.lproj/LaunchScreen.storyboard; sourceTree = "<group>"; };
		EBB7FB4428781973007F6C25 /* Info.plist */ = {isa = PBXFileReference; lastKnownFileType = text.plist.xml; path = Info.plist; sourceTree = "<group>"; };
		EBB7FB4928781974007F6C25 /* TestTests.xctest */ = {isa = PBXFileReference; explicitFileType = wrapper.cfbundle; includeInIndex = 0; path = TestTests.xctest; sourceTree = BUILT_PRODUCTS_DIR; };
		EBB7FB4D28781974007F6C25 /* TestTests.swift */ = {isa = PBXFileReference; lastKnownFileType = sourcecode.swift; path = TestTests.swift; sourceTree = "<group>"; };
		EBB7FB5328781974007F6C25 /* TestUITests.xctest */ = {isa = PBXFileReference; explicitFileType = wrapper.cfbundle; includeInIndex = 0; path = TestUITests.xctest; sourceTree = BUILT_PRODUCTS_DIR; };
		EBB7FB5728781974007F6C25 /* TestUITests.swift */ = {isa = PBXFileReference; lastKnownFileType = sourcecode.swift; path = TestUITests.swift; sourceTree = "<group>"; };
		EBB7FB5928781974007F6C25 /* TestUITestsLaunchTests.swift */ = {isa = PBXFileReference; lastKnownFileType = sourcecode.swift; path = TestUITestsLaunchTests.swift; sourceTree = "<group>"; };
		EBB7FB66287D6E70007F6C25 /* TableViewCell.swift */ = {isa = PBXFileReference; lastKnownFileType = sourcecode.swift; path = TableViewCell.swift; sourceTree = "<group>"; };
		EBB7FB6828913415007F6C25 /* TableViewCell2.swift */ = {isa = PBXFileReference; lastKnownFileType = sourcecode.swift; path = TableViewCell2.swift; sourceTree = "<group>"; };
/* End PBXFileReference section */

/* Begin PBXFrameworksBuildPhase section */
		EBB7FB3028781971007F6C25 /* Frameworks */ = {
			isa = PBXFrameworksBuildPhase;
			buildActionMask = 2147483647;
			files = (
				C14DEBF2BBE17A14A46F13F8 /* Pods_Test.framework in Frameworks */,
			);
			runOnlyForDeploymentPostprocessing = 0;
		};
		EBB7FB4628781974007F6C25 /* Frameworks */ = {
			isa = PBXFrameworksBuildPhase;
			buildActionMask = 2147483647;
			files = (
				1762BC4566FE7289F00E1115 /* Pods_TestTests.framework in Frameworks */,
			);
			runOnlyForDeploymentPostprocessing = 0;
		};
		EBB7FB5028781974007F6C25 /* Frameworks */ = {
			isa = PBXFrameworksBuildPhase;
			buildActionMask = 2147483647;
			files = (
				4505BAB748884C1F9BC5B72E /* Pods_Test_TestUITests.framework in Frameworks */,
			);
			runOnlyForDeploymentPostprocessing = 0;
		};
/* End PBXFrameworksBuildPhase section */

/* Begin PBXGroup section */
		B4BE734464B29EE58847E4C7 /* Frameworks */ = {
			isa = PBXGroup;
			children = (
				9DE732B40572DF21DC832779 /* Pods_Test.framework */,
				AC2FA35C3CEF77836A32E56A /* Pods_Test_TestUITests.framework */,
				9BFD2363CF6899A2655637C6 /* Pods_TestTests.framework */,
			);
			name = Frameworks;
			sourceTree = "<group>";
		};
		B8B133D7C5203E63D66D8CB2 /* Pods */ = {
			isa = PBXGroup;
			children = (
				7038EEAF39F4A11236268E45 /* Pods-Test.debug.xcconfig */,
				0497DFB599E6305E94560E06 /* Pods-Test.release.xcconfig */,
				C36BA45564098F4D2EE59979 /* Pods-Test-TestUITests.debug.xcconfig */,
				00F1388E7BD9896E893A2BED /* Pods-Test-TestUITests.release.xcconfig */,
				203BB303AD40824B85711432 /* Pods-TestTests.debug.xcconfig */,
				76FAF972F08CA73580A3078D /* Pods-TestTests.release.xcconfig */,
			);
			path = Pods;
			sourceTree = "<group>";
		};
		EB2926AB289282D800ACA031 /* ViewController */ = {
			isa = PBXGroup;
			children = (
				EBB7FB3A28781971007F6C25 /* ViewController.swift */,
				EB2926AD2892837900ACA031 /* Type2ViewController.swift */,
			);
			path = ViewController;
			sourceTree = "<group>";
		};
		EB2926AC289282ED00ACA031 /* Cell */ = {
			isa = PBXGroup;
			children = (
				EBB7FB6828913415007F6C25 /* TableViewCell2.swift */,
				EBB7FB66287D6E70007F6C25 /* TableViewCell.swift */,
			);
			path = Cell;
			sourceTree = "<group>";
		};
		EBB7FB2A28781971007F6C25 = {
			isa = PBXGroup;
			children = (
				EBB7FB3528781971007F6C25 /* Test */,
				EBB7FB4C28781974007F6C25 /* TestTests */,
				EBB7FB5628781974007F6C25 /* TestUITests */,
				EBB7FB3428781971007F6C25 /* Products */,
				B8B133D7C5203E63D66D8CB2 /* Pods */,
				B4BE734464B29EE58847E4C7 /* Frameworks */,
			);
			sourceTree = "<group>";
		};
		EBB7FB3428781971007F6C25 /* Products */ = {
			isa = PBXGroup;
			children = (
				EBB7FB3328781971007F6C25 /* Test.app */,
				EBB7FB4928781974007F6C25 /* TestTests.xctest */,
				EBB7FB5328781974007F6C25 /* TestUITests.xctest */,
			);
			name = Products;
			sourceTree = "<group>";
		};
		EBB7FB3528781971007F6C25 /* Test */ = {
			isa = PBXGroup;
			children = (
				EB2926AC289282ED00ACA031 /* Cell */,
				EB2926AB289282D800ACA031 /* ViewController */,
				EBB7FB3628781971007F6C25 /* AppDelegate.swift */,
				EBB7FB3828781971007F6C25 /* SceneDelegate.swift */,
				EBB7FB3C28781971007F6C25 /* Main.storyboard */,
				EBB7FB3F28781973007F6C25 /* Assets.xcassets */,
				EBB7FB4128781973007F6C25 /* LaunchScreen.storyboard */,
				EBB7FB4428781973007F6C25 /* Info.plist */,
			);
			path = Test;
			sourceTree = "<group>";
		};
		EBB7FB4C28781974007F6C25 /* TestTests */ = {
			isa = PBXGroup;
			children = (
				EBB7FB4D28781974007F6C25 /* TestTests.swift */,
			);
			path = TestTests;
			sourceTree = "<group>";
		};
		EBB7FB5628781974007F6C25 /* TestUITests */ = {
			isa = PBXGroup;
			children = (
				EBB7FB5728781974007F6C25 /* TestUITests.swift */,
				EBB7FB5928781974007F6C25 /* TestUITestsLaunchTests.swift */,
			);
			path = TestUITests;
			sourceTree = "<group>";
		};
/* End PBXGroup section */

/* Begin PBXNativeTarget section */
		EBB7FB3228781971007F6C25 /* Test */ = {
			isa = PBXNativeTarget;
			buildConfigurationList = EBB7FB5D28781974007F6C25 /* Build configuration list for PBXNativeTarget "Test" */;
			buildPhases = (
				EBAB262E02411A20E40F582C /* [CP] Check Pods Manifest.lock */,
				EBB7FB2F28781971007F6C25 /* Sources */,
				EBB7FB3028781971007F6C25 /* Frameworks */,
				EBB7FB3128781971007F6C25 /* Resources */,
				9292D68942CE5B80F5EAD95C /* [CP] Embed Pods Frameworks */,
			);
			buildRules = (
			);
			dependencies = (
			);
			name = Test;
			productName = Test;
			productReference = EBB7FB3328781971007F6C25 /* Test.app */;
			productType = "com.apple.product-type.application";
		};
		EBB7FB4828781974007F6C25 /* TestTests */ = {
			isa = PBXNativeTarget;
			buildConfigurationList = EBB7FB6028781974007F6C25 /* Build configuration list for PBXNativeTarget "TestTests" */;
			buildPhases = (
				AEAAE307ED82CE7AF219E98F /* [CP] Check Pods Manifest.lock */,
				EBB7FB4528781974007F6C25 /* Sources */,
				EBB7FB4628781974007F6C25 /* Frameworks */,
				EBB7FB4728781974007F6C25 /* Resources */,
			);
			buildRules = (
			);
			dependencies = (
				EBB7FB4B28781974007F6C25 /* PBXTargetDependency */,
			);
			name = TestTests;
			productName = TestTests;
			productReference = EBB7FB4928781974007F6C25 /* TestTests.xctest */;
			productType = "com.apple.product-type.bundle.unit-test";
		};
		EBB7FB5228781974007F6C25 /* TestUITests */ = {
			isa = PBXNativeTarget;
			buildConfigurationList = EBB7FB6328781974007F6C25 /* Build configuration list for PBXNativeTarget "TestUITests" */;
			buildPhases = (
				B5C42B99F93167CB8D2FFE20 /* [CP] Check Pods Manifest.lock */,
				EBB7FB4F28781974007F6C25 /* Sources */,
				EBB7FB5028781974007F6C25 /* Frameworks */,
				EBB7FB5128781974007F6C25 /* Resources */,
				A02E61F1FD8DD5F79E8FD5AD /* [CP] Embed Pods Frameworks */,
			);
			buildRules = (
			);
			dependencies = (
				EBB7FB5528781974007F6C25 /* PBXTargetDependency */,
			);
			name = TestUITests;
			productName = TestUITests;
			productReference = EBB7FB5328781974007F6C25 /* TestUITests.xctest */;
			productType = "com.apple.product-type.bundle.ui-testing";
		};
/* End PBXNativeTarget section */

/* Begin PBXProject section */
		EBB7FB2B28781971007F6C25 /* Project object */ = {
			isa = PBXProject;
			attributes = {
				BuildIndependentTargetsInParallel = 1;
				LastSwiftUpdateCheck = 1340;
				LastUpgradeCheck = 1340;
				TargetAttributes = {
					EBB7FB3228781971007F6C25 = {
						CreatedOnToolsVersion = 13.4.1;
					};
					EBB7FB4828781974007F6C25 = {
						CreatedOnToolsVersion = 13.4.1;
						TestTargetID = EBB7FB3228781971007F6C25;
					};
					EBB7FB5228781974007F6C25 = {
						CreatedOnToolsVersion = 13.4.1;
						TestTargetID = EBB7FB3228781971007F6C25;
					};
				};
			};
			buildConfigurationList = EBB7FB2E28781971007F6C25 /* Build configuration list for PBXProject "Test" */;
			compatibilityVersion = "Xcode 13.0";
			developmentRegion = en;
			hasScannedForEncodings = 0;
			knownRegions = (
				en,
				Base,
			);
			mainGroup = EBB7FB2A28781971007F6C25;
			productRefGroup = EBB7FB3428781971007F6C25 /* Products */;
			projectDirPath = "";
			projectRoot = "";
			targets = (
				EBB7FB3228781971007F6C25 /* Test */,
				EBB7FB4828781974007F6C25 /* TestTests */,
				EBB7FB5228781974007F6C25 /* TestUITests */,
			);
		};
/* End PBXProject section */

/* Begin PBXResourcesBuildPhase section */
		EBB7FB3128781971007F6C25 /* Resources */ = {
			isa = PBXResourcesBuildPhase;
			buildActionMask = 2147483647;
			files = (
				EBB7FB4328781973007F6C25 /* LaunchScreen.storyboard in Resources */,
				EBB7FB4028781973007F6C25 /* Assets.xcassets in Resources */,
				EBB7FB3E28781971007F6C25 /* Main.storyboard in Resources */,
			);
			runOnlyForDeploymentPostprocessing = 0;
		};
		EBB7FB4728781974007F6C25 /* Resources */ = {
			isa = PBXResourcesBuildPhase;
			buildActionMask = 2147483647;
			files = (
			);
			runOnlyForDeploymentPostprocessing = 0;
		};
		EBB7FB5128781974007F6C25 /* Resources */ = {
			isa = PBXResourcesBuildPhase;
			buildActionMask = 2147483647;
			files = (
			);
			runOnlyForDeploymentPostprocessing = 0;
		};
/* End PBXResourcesBuildPhase section */

/* Begin PBXShellScriptBuildPhase section */
		9292D68942CE5B80F5EAD95C /* [CP] Embed Pods Frameworks */ = {
			isa = PBXShellScriptBuildPhase;
			buildActionMask = 2147483647;
			files = (
			);
			inputFileListPaths = (
				"${PODS_ROOT}/Target Support Files/Pods-Test/Pods-Test-frameworks-${CONFIGURATION}-input-files.xcfilelist",
			);
			name = "[CP] Embed Pods Frameworks";
			outputFileListPaths = (
				"${PODS_ROOT}/Target Support Files/Pods-Test/Pods-Test-frameworks-${CONFIGURATION}-output-files.xcfilelist",
			);
			runOnlyForDeploymentPostprocessing = 0;
			shellPath = /bin/sh;
			shellScript = "\"${PODS_ROOT}/Target Support Files/Pods-Test/Pods-Test-frameworks.sh\"\n";
			showEnvVarsInLog = 0;
		};
		A02E61F1FD8DD5F79E8FD5AD /* [CP] Embed Pods Frameworks */ = {
			isa = PBXShellScriptBuildPhase;
			buildActionMask = 2147483647;
			files = (
			);
			inputFileListPaths = (
				"${PODS_ROOT}/Target Support Files/Pods-Test-TestUITests/Pods-Test-TestUITests-frameworks-${CONFIGURATION}-input-files.xcfilelist",
			);
			name = "[CP] Embed Pods Frameworks";
			outputFileListPaths = (
				"${PODS_ROOT}/Target Support Files/Pods-Test-TestUITests/Pods-Test-TestUITests-frameworks-${CONFIGURATION}-output-files.xcfilelist",
			);
			runOnlyForDeploymentPostprocessing = 0;
			shellPath = /bin/sh;
			shellScript = "\"${PODS_ROOT}/Target Support Files/Pods-Test-TestUITests/Pods-Test-TestUITests-frameworks.sh\"\n";
			showEnvVarsInLog = 0;
		};
		AEAAE307ED82CE7AF219E98F /* [CP] Check Pods Manifest.lock */ = {
			isa = PBXShellScriptBuildPhase;
			buildActionMask = 2147483647;
			files = (
			);
			inputFileListPaths = (
			);
			inputPaths = (
				"${PODS_PODFILE_DIR_PATH}/Podfile.lock",
				"${PODS_ROOT}/Manifest.lock",
			);
			name = "[CP] Check Pods Manifest.lock";
			outputFileListPaths = (
			);
			outputPaths = (
				"$(DERIVED_FILE_DIR)/Pods-TestTests-checkManifestLockResult.txt",
			);
			runOnlyForDeploymentPostprocessing = 0;
			shellPath = /bin/sh;
			shellScript = "diff \"${PODS_PODFILE_DIR_PATH}/Podfile.lock\" \"${PODS_ROOT}/Manifest.lock\" > /dev/null\nif [ $? != 0 ] ; then\n    # print error to STDERR\n    echo \"error: The sandbox is not in sync with the Podfile.lock. Run 'pod install' or update your CocoaPods installation.\" >&2\n    exit 1\nfi\n# This output is used by Xcode 'outputs' to avoid re-running this script phase.\necho \"SUCCESS\" > \"${SCRIPT_OUTPUT_FILE_0}\"\n";
			showEnvVarsInLog = 0;
		};
		B5C42B99F93167CB8D2FFE20 /* [CP] Check Pods Manifest.lock */ = {
			isa = PBXShellScriptBuildPhase;
			buildActionMask = 2147483647;
			files = (
			);
			inputFileListPaths = (
			);
			inputPaths = (
				"${PODS_PODFILE_DIR_PATH}/Podfile.lock",
				"${PODS_ROOT}/Manifest.lock",
			);
			name = "[CP] Check Pods Manifest.lock";
			outputFileListPaths = (
			);
			outputPaths = (
				"$(DERIVED_FILE_DIR)/Pods-Test-TestUITests-checkManifestLockResult.txt",
			);
			runOnlyForDeploymentPostprocessing = 0;
			shellPath = /bin/sh;
			shellScript = "diff \"${PODS_PODFILE_DIR_PATH}/Podfile.lock\" \"${PODS_ROOT}/Manifest.lock\" > /dev/null\nif [ $? != 0 ] ; then\n    # print error to STDERR\n    echo \"error: The sandbox is not in sync with the Podfile.lock. Run 'pod install' or update your CocoaPods installation.\" >&2\n    exit 1\nfi\n# This output is used by Xcode 'outputs' to avoid re-running this script phase.\necho \"SUCCESS\" > \"${SCRIPT_OUTPUT_FILE_0}\"\n";
			showEnvVarsInLog = 0;
		};
		EBAB262E02411A20E40F582C /* [CP] Check Pods Manifest.lock */ = {
			isa = PBXShellScriptBuildPhase;
			buildActionMask = 2147483647;
			files = (
			);
			inputFileListPaths = (
			);
			inputPaths = (
				"${PODS_PODFILE_DIR_PATH}/Podfile.lock",
				"${PODS_ROOT}/Manifest.lock",
			);
			name = "[CP] Check Pods Manifest.lock";
			outputFileListPaths = (
			);
			outputPaths = (
				"$(DERIVED_FILE_DIR)/Pods-Test-checkManifestLockResult.txt",
			);
			runOnlyForDeploymentPostprocessing = 0;
			shellPath = /bin/sh;
			shellScript = "diff \"${PODS_PODFILE_DIR_PATH}/Podfile.lock\" \"${PODS_ROOT}/Manifest.lock\" > /dev/null\nif [ $? != 0 ] ; then\n    # print error to STDERR\n    echo \"error: The sandbox is not in sync with the Podfile.lock. Run 'pod install' or update your CocoaPods installation.\" >&2\n    exit 1\nfi\n# This output is used by Xcode 'outputs' to avoid re-running this script phase.\necho \"SUCCESS\" > \"${SCRIPT_OUTPUT_FILE_0}\"\n";
			showEnvVarsInLog = 0;
		};
/* End PBXShellScriptBuildPhase section */

/* Begin PBXSourcesBuildPhase section */
		EBB7FB2F28781971007F6C25 /* Sources */ = {
			isa = PBXSourcesBuildPhase;
			buildActionMask = 2147483647;
			files = (
				EBB7FB6928913415007F6C25 /* TableViewCell2.swift in Sources */,
				EBB7FB3B28781971007F6C25 /* ViewController.swift in Sources */,
				EBB7FB67287D6E70007F6C25 /* TableViewCell.swift in Sources */,
				EB2926AE2892837A00ACA031 /* Type2ViewController.swift in Sources */,
				EBB7FB3728781971007F6C25 /* AppDelegate.swift in Sources */,
				EBB7FB3928781971007F6C25 /* SceneDelegate.swift in Sources */,
			);
			runOnlyForDeploymentPostprocessing = 0;
		};
		EBB7FB4528781974007F6C25 /* Sources */ = {
			isa = PBXSourcesBuildPhase;
			buildActionMask = 2147483647;
			files = (
				EBB7FB4E28781974007F6C25 /* TestTests.swift in Sources */,
			);
			runOnlyForDeploymentPostprocessing = 0;
		};
		EBB7FB4F28781974007F6C25 /* Sources */ = {
			isa = PBXSourcesBuildPhase;
			buildActionMask = 2147483647;
			files = (
				EBB7FB5A28781974007F6C25 /* TestUITestsLaunchTests.swift in Sources */,
				EBB7FB5828781974007F6C25 /* TestUITests.swift in Sources */,
			);
			runOnlyForDeploymentPostprocessing = 0;
		};
/* End PBXSourcesBuildPhase section */

/* Begin PBXTargetDependency section */
		EBB7FB4B28781974007F6C25 /* PBXTargetDependency */ = {
			isa = PBXTargetDependency;
			target = EBB7FB3228781971007F6C25 /* Test */;
			targetProxy = EBB7FB4A28781974007F6C25 /* PBXContainerItemProxy */;
		};
		EBB7FB5528781974007F6C25 /* PBXTargetDependency */ = {
			isa = PBXTargetDependency;
			target = EBB7FB3228781971007F6C25 /* Test */;
			targetProxy = EBB7FB5428781974007F6C25 /* PBXContainerItemProxy */;
		};
/* End PBXTargetDependency section */

/* Begin PBXVariantGroup section */
		EBB7FB3C28781971007F6C25 /* Main.storyboard */ = {
			isa = PBXVariantGroup;
			children = (
				EBB7FB3D28781971007F6C25 /* Base */,
			);
			name = Main.storyboard;
			sourceTree = "<group>";
		};
		EBB7FB4128781973007F6C25 /* LaunchScreen.storyboard */ = {
			isa = PBXVariantGroup;
			children = (
				EBB7FB4228781973007F6C25 /* Base */,
			);
			name = LaunchScreen.storyboard;
			sourceTree = "<group>";
		};
/* End PBXVariantGroup section */

/* Begin XCBuildConfiguration section */
		EBB7FB5B28781974007F6C25 /* Debug */ = {
			isa = XCBuildConfiguration;
			buildSettings = {
				ALWAYS_SEARCH_USER_PATHS = NO;
				CLANG_ANALYZER_NONNULL = YES;
				CLANG_ANALYZER_NUMBER_OBJECT_CONVERSION = YES_AGGRESSIVE;
				CLANG_CXX_LANGUAGE_STANDARD = "gnu++17";
				CLANG_ENABLE_MODULES = YES;
				CLANG_ENABLE_OBJC_ARC = YES;
				CLANG_ENABLE_OBJC_WEAK = YES;
				CLANG_WARN_BLOCK_CAPTURE_AUTORELEASING = YES;
				CLANG_WARN_BOOL_CONVERSION = YES;
				CLANG_WARN_COMMA = YES;
				CLANG_WARN_CONSTANT_CONVERSION = YES;
				CLANG_WARN_DEPRECATED_OBJC_IMPLEMENTATIONS = YES;
				CLANG_WARN_DIRECT_OBJC_ISA_USAGE = YES_ERROR;
				CLANG_WARN_DOCUMENTATION_COMMENTS = YES;
				CLANG_WARN_EMPTY_BODY = YES;
				CLANG_WARN_ENUM_CONVERSION = YES;
				CLANG_WARN_INFINITE_RECURSION = YES;
				CLANG_WARN_INT_CONVERSION = YES;
				CLANG_WARN_NON_LITERAL_NULL_CONVERSION = YES;
				CLANG_WARN_OBJC_IMPLICIT_RETAIN_SELF = YES;
				CLANG_WARN_OBJC_LITERAL_CONVERSION = YES;
				CLANG_WARN_OBJC_ROOT_CLASS = YES_ERROR;
				CLANG_WARN_QUOTED_INCLUDE_IN_FRAMEWORK_HEADER = YES;
				CLANG_WARN_RANGE_LOOP_ANALYSIS = YES;
				CLANG_WARN_STRICT_PROTOTYPES = YES;
				CLANG_WARN_SUSPICIOUS_MOVE = YES;
				CLANG_WARN_UNGUARDED_AVAILABILITY = YES_AGGRESSIVE;
				CLANG_WARN_UNREACHABLE_CODE = YES;
				CLANG_WARN__DUPLICATE_METHOD_MATCH = YES;
				COPY_PHASE_STRIP = NO;
				DEBUG_INFORMATION_FORMAT = dwarf;
				ENABLE_STRICT_OBJC_MSGSEND = YES;
				ENABLE_TESTABILITY = YES;
				GCC_C_LANGUAGE_STANDARD = gnu11;
				GCC_DYNAMIC_NO_PIC = NO;
				GCC_NO_COMMON_BLOCKS = YES;
				GCC_OPTIMIZATION_LEVEL = 0;
				GCC_PREPROCESSOR_DEFINITIONS = (
					"DEBUG=1",
					"$(inherited)",
				);
				GCC_WARN_64_TO_32_BIT_CONVERSION = YES;
				GCC_WARN_ABOUT_RETURN_TYPE = YES_ERROR;
				GCC_WARN_UNDECLARED_SELECTOR = YES;
				GCC_WARN_UNINITIALIZED_AUTOS = YES_AGGRESSIVE;
				GCC_WARN_UNUSED_FUNCTION = YES;
				GCC_WARN_UNUSED_VARIABLE = YES;
				IPHONEOS_DEPLOYMENT_TARGET = 15.5;
				MTL_ENABLE_DEBUG_INFO = INCLUDE_SOURCE;
				MTL_FAST_MATH = YES;
				ONLY_ACTIVE_ARCH = YES;
				SDKROOT = iphoneos;
				SWIFT_ACTIVE_COMPILATION_CONDITIONS = DEBUG;
				SWIFT_OPTIMIZATION_LEVEL = "-Onone";
			};
			name = Debug;
		};
		EBB7FB5C28781974007F6C25 /* Release */ = {
			isa = XCBuildConfiguration;
			buildSettings = {
				ALWAYS_SEARCH_USER_PATHS = NO;
				CLANG_ANALYZER_NONNULL = YES;
				CLANG_ANALYZER_NUMBER_OBJECT_CONVERSION = YES_AGGRESSIVE;
				CLANG_CXX_LANGUAGE_STANDARD = "gnu++17";
				CLANG_ENABLE_MODULES = YES;
				CLANG_ENABLE_OBJC_ARC = YES;
				CLANG_ENABLE_OBJC_WEAK = YES;
				CLANG_WARN_BLOCK_CAPTURE_AUTORELEASING = YES;
				CLANG_WARN_BOOL_CONVERSION = YES;
				CLANG_WARN_COMMA = YES;
				CLANG_WARN_CONSTANT_CONVERSION = YES;
				CLANG_WARN_DEPRECATED_OBJC_IMPLEMENTATIONS = YES;
				CLANG_WARN_DIRECT_OBJC_ISA_USAGE = YES_ERROR;
				CLANG_WARN_DOCUMENTATION_COMMENTS = YES;
				CLANG_WARN_EMPTY_BODY = YES;
				CLANG_WARN_ENUM_CONVERSION = YES;
				CLANG_WARN_INFINITE_RECURSION = YES;
				CLANG_WARN_INT_CONVERSION = YES;
				CLANG_WARN_NON_LITERAL_NULL_CONVERSION = YES;
				CLANG_WARN_OBJC_IMPLICIT_RETAIN_SELF = YES;
				CLANG_WARN_OBJC_LITERAL_CONVERSION = YES;
				CLANG_WARN_OBJC_ROOT_CLASS = YES_ERROR;
				CLANG_WARN_QUOTED_INCLUDE_IN_FRAMEWORK_HEADER = YES;
				CLANG_WARN_RANGE_LOOP_ANALYSIS = YES;
				CLANG_WARN_STRICT_PROTOTYPES = YES;
				CLANG_WARN_SUSPICIOUS_MOVE = YES;
				CLANG_WARN_UNGUARDED_AVAILABILITY = YES_AGGRESSIVE;
				CLANG_WARN_UNREACHABLE_CODE = YES;
				CLANG_WARN__DUPLICATE_METHOD_MATCH = YES;
				COPY_PHASE_STRIP = NO;
				DEBUG_INFORMATION_FORMAT = "dwarf-with-dsym";
				ENABLE_NS_ASSERTIONS = NO;
				ENABLE_STRICT_OBJC_MSGSEND = YES;
				GCC_C_LANGUAGE_STANDARD = gnu11;
				GCC_NO_COMMON_BLOCKS = YES;
				GCC_WARN_64_TO_32_BIT_CONVERSION = YES;
				GCC_WARN_ABOUT_RETURN_TYPE = YES_ERROR;
				GCC_WARN_UNDECLARED_SELECTOR = YES;
				GCC_WARN_UNINITIALIZED_AUTOS = YES_AGGRESSIVE;
				GCC_WARN_UNUSED_FUNCTION = YES;
				GCC_WARN_UNUSED_VARIABLE = YES;
				IPHONEOS_DEPLOYMENT_TARGET = 15.5;
				MTL_ENABLE_DEBUG_INFO = NO;
				MTL_FAST_MATH = YES;
				SDKROOT = iphoneos;
				SWIFT_COMPILATION_MODE = wholemodule;
				SWIFT_OPTIMIZATION_LEVEL = "-O";
				VALIDATE_PRODUCT = YES;
			};
			name = Release;
		};
		EBB7FB5E28781974007F6C25 /* Debug */ = {
			isa = XCBuildConfiguration;
			baseConfigurationReference = 7038EEAF39F4A11236268E45 /* Pods-Test.debug.xcconfig */;
			buildSettings = {
				ASSETCATALOG_COMPILER_APPICON_NAME = AppIcon;
				ASSETCATALOG_COMPILER_GLOBAL_ACCENT_COLOR_NAME = AccentColor;
				CODE_SIGN_STYLE = Automatic;
				CURRENT_PROJECT_VERSION = 1;
				DEVELOPMENT_TEAM = XSJ7F4Y8C5;
				GENERATE_INFOPLIST_FILE = YES;
				INFOPLIST_FILE = Test/Info.plist;
				INFOPLIST_KEY_UIApplicationSupportsIndirectInputEvents = YES;
				INFOPLIST_KEY_UILaunchStoryboardName = LaunchScreen;
				INFOPLIST_KEY_UIMainStoryboardFile = Main;
				INFOPLIST_KEY_UISupportedInterfaceOrientations_iPad = "UIInterfaceOrientationPortrait UIInterfaceOrientationPortraitUpsideDown UIInterfaceOrientationLandscapeLeft UIInterfaceOrientationLandscapeRight";
				INFOPLIST_KEY_UISupportedInterfaceOrientations_iPhone = "UIInterfaceOrientationPortrait UIInterfaceOrientationLandscapeLeft UIInterfaceOrientationLandscapeRight";
				LD_RUNPATH_SEARCH_PATHS = (
					"$(inherited)",
					"@executable_path/Frameworks",
				);
				MARKETING_VERSION = 1.0;
				PRODUCT_BUNDLE_IDENTIFIER = com.ezylab.Test;
				PRODUCT_NAME = "$(TARGET_NAME)";
				SWIFT_EMIT_LOC_STRINGS = YES;
				SWIFT_VERSION = 5.0;
				TARGETED_DEVICE_FAMILY = "1,2";
			};
			name = Debug;
		};
		EBB7FB5F28781974007F6C25 /* Release */ = {
			isa = XCBuildConfiguration;
			baseConfigurationReference = 0497DFB599E6305E94560E06 /* Pods-Test.release.xcconfig */;
			buildSettings = {
				ASSETCATALOG_COMPILER_APPICON_NAME = AppIcon;
				ASSETCATALOG_COMPILER_GLOBAL_ACCENT_COLOR_NAME = AccentColor;
				CODE_SIGN_STYLE = Automatic;
				CURRENT_PROJECT_VERSION = 1;
				DEVELOPMENT_TEAM = XSJ7F4Y8C5;
				GENERATE_INFOPLIST_FILE = YES;
				INFOPLIST_FILE = Test/Info.plist;
				INFOPLIST_KEY_UIApplicationSupportsIndirectInputEvents = YES;
				INFOPLIST_KEY_UILaunchStoryboardName = LaunchScreen;
				INFOPLIST_KEY_UIMainStoryboardFile = Main;
				INFOPLIST_KEY_UISupportedInterfaceOrientations_iPad = "UIInterfaceOrientationPortrait UIInterfaceOrientationPortraitUpsideDown UIInterfaceOrientationLandscapeLeft UIInterfaceOrientationLandscapeRight";
				INFOPLIST_KEY_UISupportedInterfaceOrientations_iPhone = "UIInterfaceOrientationPortrait UIInterfaceOrientationLandscapeLeft UIInterfaceOrientationLandscapeRight";
				LD_RUNPATH_SEARCH_PATHS = (
					"$(inherited)",
					"@executable_path/Frameworks",
				);
				MARKETING_VERSION = 1.0;
				PRODUCT_BUNDLE_IDENTIFIER = com.ezylab.Test;
				PRODUCT_NAME = "$(TARGET_NAME)";
				SWIFT_EMIT_LOC_STRINGS = YES;
				SWIFT_VERSION = 5.0;
				TARGETED_DEVICE_FAMILY = "1,2";
			};
			name = Release;
		};
		EBB7FB6128781974007F6C25 /* Debug */ = {
			isa = XCBuildConfiguration;
			baseConfigurationReference = 203BB303AD40824B85711432 /* Pods-TestTests.debug.xcconfig */;
			buildSettings = {
				ALWAYS_EMBED_SWIFT_STANDARD_LIBRARIES = YES;
				BUNDLE_LOADER = "$(TEST_HOST)";
				CODE_SIGN_STYLE = Automatic;
				CURRENT_PROJECT_VERSION = 1;
				DEVELOPMENT_TEAM = XSJ7F4Y8C5;
				GENERATE_INFOPLIST_FILE = YES;
				IPHONEOS_DEPLOYMENT_TARGET = 15.5;
				MARKETING_VERSION = 1.0;
				PRODUCT_BUNDLE_IDENTIFIER = com.ezylab.TestTests;
				PRODUCT_NAME = "$(TARGET_NAME)";
				SWIFT_EMIT_LOC_STRINGS = NO;
				SWIFT_VERSION = 5.0;
				TARGETED_DEVICE_FAMILY = "1,2";
				TEST_HOST = "$(BUILT_PRODUCTS_DIR)/Test.app/Test";
			};
			name = Debug;
		};
		EBB7FB6228781974007F6C25 /* Release */ = {
			isa = XCBuildConfiguration;
			baseConfigurationReference = 76FAF972F08CA73580A3078D /* Pods-TestTests.release.xcconfig */;
			buildSettings = {
				ALWAYS_EMBED_SWIFT_STANDARD_LIBRARIES = YES;
				BUNDLE_LOADER = "$(TEST_HOST)";
				CODE_SIGN_STYLE = Automatic;
				CURRENT_PROJECT_VERSION = 1;
				DEVELOPMENT_TEAM = XSJ7F4Y8C5;
				GENERATE_INFOPLIST_FILE = YES;
				IPHONEOS_DEPLOYMENT_TARGET = 15.5;
				MARKETING_VERSION = 1.0;
				PRODUCT_BUNDLE_IDENTIFIER = com.ezylab.TestTests;
				PRODUCT_NAME = "$(TARGET_NAME)";
				SWIFT_EMIT_LOC_STRINGS = NO;
				SWIFT_VERSION = 5.0;
				TARGETED_DEVICE_FAMILY = "1,2";
				TEST_HOST = "$(BUILT_PRODUCTS_DIR)/Test.app/Test";
			};
			name = Release;
		};
		EBB7FB6428781974007F6C25 /* Debug */ = {
			isa = XCBuildConfiguration;
			baseConfigurationReference = C36BA45564098F4D2EE59979 /* Pods-Test-TestUITests.debug.xcconfig */;
			buildSettings = {
				ALWAYS_EMBED_SWIFT_STANDARD_LIBRARIES = YES;
				CODE_SIGN_STYLE = Automatic;
				CURRENT_PROJECT_VERSION = 1;
				DEVELOPMENT_TEAM = XSJ7F4Y8C5;
				GENERATE_INFOPLIST_FILE = YES;
				MARKETING_VERSION = 1.0;
				PRODUCT_BUNDLE_IDENTIFIER = com.ezylab.TestUITests;
				PRODUCT_NAME = "$(TARGET_NAME)";
				SWIFT_EMIT_LOC_STRINGS = NO;
				SWIFT_VERSION = 5.0;
				TARGETED_DEVICE_FAMILY = "1,2";
				TEST_TARGET_NAME = Test;
			};
			name = Debug;
		};
		EBB7FB6528781974007F6C25 /* Release */ = {
			isa = XCBuildConfiguration;
			baseConfigurationReference = 00F1388E7BD9896E893A2BED /* Pods-Test-TestUITests.release.xcconfig */;
			buildSettings = {
				ALWAYS_EMBED_SWIFT_STANDARD_LIBRARIES = YES;
				CODE_SIGN_STYLE = Automatic;
				CURRENT_PROJECT_VERSION = 1;
				DEVELOPMENT_TEAM = XSJ7F4Y8C5;
				GENERATE_INFOPLIST_FILE = YES;
				MARKETING_VERSION = 1.0;
				PRODUCT_BUNDLE_IDENTIFIER = com.ezylab.TestUITests;
				PRODUCT_NAME = "$(TARGET_NAME)";
				SWIFT_EMIT_LOC_STRINGS = NO;
				SWIFT_VERSION = 5.0;
				TARGETED_DEVICE_FAMILY = "1,2";
				TEST_TARGET_NAME = Test;
			};
			name = Release;
		};
/* End XCBuildConfiguration section */

/* Begin XCConfigurationList section */
		EBB7FB2E28781971007F6C25 /* Build configuration list for PBXProject "Test" */ = {
			isa = XCConfigurationList;
			buildConfigurations = (
				EBB7FB5B28781974007F6C25 /* Debug */,
				EBB7FB5C28781974007F6C25 /* Release */,
			);
			defaultConfigurationIsVisible = 0;
			defaultConfigurationName = Release;
		};
		EBB7FB5D28781974007F6C25 /* Build configuration list for PBXNativeTarget "Test" */ = {
			isa = XCConfigurationList;
			buildConfigurations = (
				EBB7FB5E28781974007F6C25 /* Debug */,
				EBB7FB5F28781974007F6C25 /* Release */,
			);
			defaultConfigurationIsVisible = 0;
			defaultConfigurationName = Release;
		};
		EBB7FB6028781974007F6C25 /* Build configuration list for PBXNativeTarget "TestTests" */ = {
			isa = XCConfigurationList;
			buildConfigurations = (
				EBB7FB6128781974007F6C25 /* Debug */,
				EBB7FB6228781974007F6C25 /* Release */,
			);
			defaultConfigurationIsVisible = 0;
			defaultConfigurationName = Release;
		};
		EBB7FB6328781974007F6C25 /* Build configuration list for PBXNativeTarget "TestUITests" */ = {
			isa = XCConfigurationList;
			buildConfigurations = (
				EBB7FB6428781974007F6C25 /* Debug */,
				EBB7FB6528781974007F6C25 /* Release */,
			);
			defaultConfigurationIsVisible = 0;
			defaultConfigurationName = Release;
		};
/* End XCConfigurationList section */
	};
	rootObject = EBB7FB2B28781971007F6C25 /* Project object */;
}
